// !$*UTF8*$!
{
	archiveVersion = 1;
	classes = {
	};
	objectVersion = 50;
	objects = {

/* Begin PBXBuildFile section */
		1F2A614326BFECF10085133C /* AppDelegate.swift in Sources */ = {isa = PBXBuildFile; fileRef = 1F2A614226BFECF10085133C /* AppDelegate.swift */; };
		1F2A614526BFECF10085133C /* SceneDelegate.swift in Sources */ = {isa = PBXBuildFile; fileRef = 1F2A614426BFECF10085133C /* SceneDelegate.swift */; };
		1F2A614726BFECF10085133C /* ViewController.swift in Sources */ = {isa = PBXBuildFile; fileRef = 1F2A614626BFECF10085133C /* ViewController.swift */; };
		1F2A614A26BFECF10085133C /* Main.storyboard in Resources */ = {isa = PBXBuildFile; fileRef = 1F2A614826BFECF10085133C /* Main.storyboard */; };
		1F2A614C26BFECF20085133C /* Assets.xcassets in Resources */ = {isa = PBXBuildFile; fileRef = 1F2A614B26BFECF20085133C /* Assets.xcassets */; };
		1F2A614F26BFECF20085133C /* LaunchScreen.storyboard in Resources */ = {isa = PBXBuildFile; fileRef = 1F2A614D26BFECF20085133C /* LaunchScreen.storyboard */; };
		1F2A615A26BFECF20085133C /* SpotifyVIPTests.swift in Sources */ = {isa = PBXBuildFile; fileRef = 1F2A615926BFECF20085133C /* SpotifyVIPTests.swift */; };
		1F2A616526BFECF20085133C /* SpotifyVIPUITests.swift in Sources */ = {isa = PBXBuildFile; fileRef = 1F2A616426BFECF20085133C /* SpotifyVIPUITests.swift */; };
/* End PBXBuildFile section */

/* Begin PBXContainerItemProxy section */
		1F2A615626BFECF20085133C /* PBXContainerItemProxy */ = {
			isa = PBXContainerItemProxy;
			containerPortal = 1F2A613726BFECF10085133C /* Project object */;
			proxyType = 1;
			remoteGlobalIDString = 1F2A613E26BFECF10085133C;
			remoteInfo = SpotifyVIP;
		};
		1F2A616126BFECF20085133C /* PBXContainerItemProxy */ = {
			isa = PBXContainerItemProxy;
			containerPortal = 1F2A613726BFECF10085133C /* Project object */;
			proxyType = 1;
			remoteGlobalIDString = 1F2A613E26BFECF10085133C;
			remoteInfo = SpotifyVIP;
		};
/* End PBXContainerItemProxy section */

/* Begin PBXFileReference section */
		1F2A613F26BFECF10085133C /* SpotifyVIP.app */ = {isa = PBXFileReference; explicitFileType = wrapper.application; includeInIndex = 0; path = SpotifyVIP.app; sourceTree = BUILT_PRODUCTS_DIR; };
		1F2A614226BFECF10085133C /* AppDelegate.swift */ = {isa = PBXFileReference; lastKnownFileType = sourcecode.swift; path = AppDelegate.swift; sourceTree = "<group>"; };
		1F2A614426BFECF10085133C /* SceneDelegate.swift */ = {isa = PBXFileReference; lastKnownFileType = sourcecode.swift; path = SceneDelegate.swift; sourceTree = "<group>"; };
		1F2A614626BFECF10085133C /* ViewController.swift */ = {isa = PBXFileReference; lastKnownFileType = sourcecode.swift; path = ViewController.swift; sourceTree = "<group>"; };
		1F2A614926BFECF10085133C /* Base */ = {isa = PBXFileReference; lastKnownFileType = file.storyboard; name = Base; path = Base.lproj/Main.storyboard; sourceTree = "<group>"; };
		1F2A614B26BFECF20085133C /* Assets.xcassets */ = {isa = PBXFileReference; lastKnownFileType = folder.assetcatalog; path = Assets.xcassets; sourceTree = "<group>"; };
		1F2A614E26BFECF20085133C /* Base */ = {isa = PBXFileReference; lastKnownFileType = file.storyboard; name = Base; path = Base.lproj/LaunchScreen.storyboard; sourceTree = "<group>"; };
		1F2A615026BFECF20085133C /* Info.plist */ = {isa = PBXFileReference; lastKnownFileType = text.plist.xml; path = Info.plist; sourceTree = "<group>"; };
		1F2A615526BFECF20085133C /* SpotifyVIPTests.xctest */ = {isa = PBXFileReference; explicitFileType = wrapper.cfbundle; includeInIndex = 0; path = SpotifyVIPTests.xctest; sourceTree = BUILT_PRODUCTS_DIR; };
		1F2A615926BFECF20085133C /* SpotifyVIPTests.swift */ = {isa = PBXFileReference; lastKnownFileType = sourcecode.swift; path = SpotifyVIPTests.swift; sourceTree = "<group>"; };
		1F2A615B26BFECF20085133C /* Info.plist */ = {isa = PBXFileReference; lastKnownFileType = text.plist.xml; path = Info.plist; sourceTree = "<group>"; };
		1F2A616026BFECF20085133C /* SpotifyVIPUITests.xctest */ = {isa = PBXFileReference; explicitFileType = wrapper.cfbundle; includeInIndex = 0; path = SpotifyVIPUITests.xctest; sourceTree = BUILT_PRODUCTS_DIR; };
		1F2A616426BFECF20085133C /* SpotifyVIPUITests.swift */ = {isa = PBXFileReference; lastKnownFileType = sourcecode.swift; path = SpotifyVIPUITests.swift; sourceTree = "<group>"; };
		1F2A616626BFECF20085133C /* Info.plist */ = {isa = PBXFileReference; lastKnownFileType = text.plist.xml; path = Info.plist; sourceTree = "<group>"; };
/* End PBXFileReference section */

/* Begin PBXFrameworksBuildPhase section */
		1F2A613C26BFECF10085133C /* Frameworks */ = {
			isa = PBXFrameworksBuildPhase;
			buildActionMask = 2147483647;
			files = (
			);
			runOnlyForDeploymentPostprocessing = 0;
		};
		1F2A615226BFECF20085133C /* Frameworks */ = {
			isa = PBXFrameworksBuildPhase;
			buildActionMask = 2147483647;
			files = (
			);
			runOnlyForDeploymentPostprocessing = 0;
		};
		1F2A615D26BFECF20085133C /* Frameworks */ = {
			isa = PBXFrameworksBuildPhase;
			buildActionMask = 2147483647;
			files = (
			);
			runOnlyForDeploymentPostprocessing = 0;
		};
/* End PBXFrameworksBuildPhase section */

/* Begin PBXGroup section */
		1F2A613626BFECF10085133C = {
			isa = PBXGroup;
			children = (
				1F2A614126BFECF10085133C /* SpotifyVIP */,
				1F2A615826BFECF20085133C /* SpotifyVIPTests */,
				1F2A616326BFECF20085133C /* SpotifyVIPUITests */,
				1F2A614026BFECF10085133C /* Products */,
			);
			sourceTree = "<group>";
		};
		1F2A614026BFECF10085133C /* Products */ = {
			isa = PBXGroup;
			children = (
				1F2A613F26BFECF10085133C /* SpotifyVIP.app */,
				1F2A615526BFECF20085133C /* SpotifyVIPTests.xctest */,
				1F2A616026BFECF20085133C /* SpotifyVIPUITests.xctest */,
			);
			name = Products;
			sourceTree = "<group>";
		};
		1F2A614126BFECF10085133C /* SpotifyVIP */ = {
			isa = PBXGroup;
			children = (
				1F2A614226BFECF10085133C /* AppDelegate.swift */,
				1F2A614426BFECF10085133C /* SceneDelegate.swift */,
				1F2A614626BFECF10085133C /* ViewController.swift */,
				1F2A614826BFECF10085133C /* Main.storyboard */,
				1F2A614B26BFECF20085133C /* Assets.xcassets */,
				1F2A614D26BFECF20085133C /* LaunchScreen.storyboard */,
				1F2A615026BFECF20085133C /* Info.plist */,
			);
			path = SpotifyVIP;
			sourceTree = "<group>";
		};
		1F2A615826BFECF20085133C /* SpotifyVIPTests */ = {
			isa = PBXGroup;
			children = (
				1F2A615926BFECF20085133C /* SpotifyVIPTests.swift */,
				1F2A615B26BFECF20085133C /* Info.plist */,
			);
			path = SpotifyVIPTests;
			sourceTree = "<group>";
		};
		1F2A616326BFECF20085133C /* SpotifyVIPUITests */ = {
			isa = PBXGroup;
			children = (
				1F2A616426BFECF20085133C /* SpotifyVIPUITests.swift */,
				1F2A616626BFECF20085133C /* Info.plist */,
			);
			path = SpotifyVIPUITests;
			sourceTree = "<group>";
		};
/* End PBXGroup section */

/* Begin PBXNativeTarget section */
		1F2A613E26BFECF10085133C /* SpotifyVIP */ = {
			isa = PBXNativeTarget;
			buildConfigurationList = 1F2A616926BFECF20085133C /* Build configuration list for PBXNativeTarget "SpotifyVIP" */;
			buildPhases = (
				1F2A613B26BFECF10085133C /* Sources */,
				1F2A613C26BFECF10085133C /* Frameworks */,
				1F2A613D26BFECF10085133C /* Resources */,
			);
			buildRules = (
			);
			dependencies = (
			);
			name = SpotifyVIP;
			productName = SpotifyVIP;
			productReference = 1F2A613F26BFECF10085133C /* SpotifyVIP.app */;
			productType = "com.apple.product-type.application";
		};
		1F2A615426BFECF20085133C /* SpotifyVIPTests */ = {
			isa = PBXNativeTarget;
			buildConfigurationList = 1F2A616C26BFECF20085133C /* Build configuration list for PBXNativeTarget "SpotifyVIPTests" */;
			buildPhases = (
				1F2A615126BFECF20085133C /* Sources */,
				1F2A615226BFECF20085133C /* Frameworks */,
				1F2A615326BFECF20085133C /* Resources */,
			);
			buildRules = (
			);
			dependencies = (
				1F2A615726BFECF20085133C /* PBXTargetDependency */,
			);
			name = SpotifyVIPTests;
			productName = SpotifyVIPTests;
			productReference = 1F2A615526BFECF20085133C /* SpotifyVIPTests.xctest */;
			productType = "com.apple.product-type.bundle.unit-test";
		};
		1F2A615F26BFECF20085133C /* SpotifyVIPUITests */ = {
			isa = PBXNativeTarget;
			buildConfigurationList = 1F2A616F26BFECF20085133C /* Build configuration list for PBXNativeTarget "SpotifyVIPUITests" */;
			buildPhases = (
				1F2A615C26BFECF20085133C /* Sources */,
				1F2A615D26BFECF20085133C /* Frameworks */,
				1F2A615E26BFECF20085133C /* Resources */,
			);
			buildRules = (
			);
			dependencies = (
				1F2A616226BFECF20085133C /* PBXTargetDependency */,
			);
			name = SpotifyVIPUITests;
			productName = SpotifyVIPUITests;
			productReference = 1F2A616026BFECF20085133C /* SpotifyVIPUITests.xctest */;
			productType = "com.apple.product-type.bundle.ui-testing";
		};
/* End PBXNativeTarget section */

/* Begin PBXProject section */
		1F2A613726BFECF10085133C /* Project object */ = {
			isa = PBXProject;
			attributes = {
				LastSwiftUpdateCheck = 1210;
				LastUpgradeCheck = 1210;
				TargetAttributes = {
					1F2A613E26BFECF10085133C = {
						CreatedOnToolsVersion = 12.1;
					};
					1F2A615426BFECF20085133C = {
						CreatedOnToolsVersion = 12.1;
						TestTargetID = 1F2A613E26BFECF10085133C;
					};
					1F2A615F26BFECF20085133C = {
						CreatedOnToolsVersion = 12.1;
						TestTargetID = 1F2A613E26BFECF10085133C;
					};
				};
			};
			buildConfigurationList = 1F2A613A26BFECF10085133C /* Build configuration list for PBXProject "SpotifyVIP" */;
			compatibilityVersion = "Xcode 9.3";
			developmentRegion = en;
			hasScannedForEncodings = 0;
			knownRegions = (
				en,
				Base,
			);
			mainGroup = 1F2A613626BFECF10085133C;
			productRefGroup = 1F2A614026BFECF10085133C /* Products */;
			projectDirPath = "";
			projectRoot = "";
			targets = (
				1F2A613E26BFECF10085133C /* SpotifyVIP */,
				1F2A615426BFECF20085133C /* SpotifyVIPTests */,
				1F2A615F26BFECF20085133C /* SpotifyVIPUITests */,
			);
		};
/* End PBXProject section */

/* Begin PBXResourcesBuildPhase section */
		1F2A613D26BFECF10085133C /* Resources */ = {
			isa = PBXResourcesBuildPhase;
			buildActionMask = 2147483647;
			files = (
				1F2A614F26BFECF20085133C /* LaunchScreen.storyboard in Resources */,
				1F2A614C26BFECF20085133C /* Assets.xcassets in Resources */,
				1F2A614A26BFECF10085133C /* Main.storyboard in Resources */,
			);
			runOnlyForDeploymentPostprocessing = 0;
		};
		1F2A615326BFECF20085133C /* Resources */ = {
			isa = PBXResourcesBuildPhase;
			buildActionMask = 2147483647;
			files = (
			);
			runOnlyForDeploymentPostprocessing = 0;
		};
		1F2A615E26BFECF20085133C /* Resources */ = {
			isa = PBXResourcesBuildPhase;
			buildActionMask = 2147483647;
			files = (
			);
			runOnlyForDeploymentPostprocessing = 0;
		};
/* End PBXResourcesBuildPhase section */

/* Begin PBXSourcesBuildPhase section */
		1F2A613B26BFECF10085133C /* Sources */ = {
			isa = PBXSourcesBuildPhase;
			buildActionMask = 2147483647;
			files = (
				1F2A614726BFECF10085133C /* ViewController.swift in Sources */,
				1F2A614326BFECF10085133C /* AppDelegate.swift in Sources */,
				1F2A614526BFECF10085133C /* SceneDelegate.swift in Sources */,
			);
			runOnlyForDeploymentPostprocessing = 0;
		};
		1F2A615126BFECF20085133C /* Sources */ = {
			isa = PBXSourcesBuildPhase;
			buildActionMask = 2147483647;
			files = (
				1F2A615A26BFECF20085133C /* SpotifyVIPTests.swift in Sources */,
			);
			runOnlyForDeploymentPostprocessing = 0;
		};
		1F2A615C26BFECF20085133C /* Sources */ = {
			isa = PBXSourcesBuildPhase;
			buildActionMask = 2147483647;
			files = (
				1F2A616526BFECF20085133C /* SpotifyVIPUITests.swift in Sources */,
			);
			runOnlyForDeploymentPostprocessing = 0;
		};
/* End PBXSourcesBuildPhase section */

/* Begin PBXTargetDependency section */
		1F2A615726BFECF20085133C /* PBXTargetDependency */ = {
			isa = PBXTargetDependency;
			target = 1F2A613E26BFECF10085133C /* SpotifyVIP */;
			targetProxy = 1F2A615626BFECF20085133C /* PBXContainerItemProxy */;
		};
		1F2A616226BFECF20085133C /* PBXTargetDependency */ = {
			isa = PBXTargetDependency;
			target = 1F2A613E26BFECF10085133C /* SpotifyVIP */;
			targetProxy = 1F2A616126BFECF20085133C /* PBXContainerItemProxy */;
		};
/* End PBXTargetDependency section */

/* Begin PBXVariantGroup section */
		1F2A614826BFECF10085133C /* Main.storyboard */ = {
			isa = PBXVariantGroup;
			children = (
				1F2A614926BFECF10085133C /* Base */,
			);
			name = Main.storyboard;
			sourceTree = "<group>";
		};
		1F2A614D26BFECF20085133C /* LaunchScreen.storyboard */ = {
			isa = PBXVariantGroup;
			children = (
				1F2A614E26BFECF20085133C /* Base */,
			);
			name = LaunchScreen.storyboard;
			sourceTree = "<group>";
		};
/* End PBXVariantGroup section */

/* Begin XCBuildConfiguration section */
		1F2A616726BFECF20085133C /* Debug */ = {
			isa = XCBuildConfiguration;
			buildSettings = {
				ALWAYS_SEARCH_USER_PATHS = NO;
				CLANG_ANALYZER_NONNULL = YES;
				CLANG_ANALYZER_NUMBER_OBJECT_CONVERSION = YES_AGGRESSIVE;
				CLANG_CXX_LANGUAGE_STANDARD = "gnu++14";
				CLANG_CXX_LIBRARY = "libc++";
				CLANG_ENABLE_MODULES = YES;
				CLANG_ENABLE_OBJC_ARC = YES;
				CLANG_ENABLE_OBJC_WEAK = YES;
				CLANG_WARN_BLOCK_CAPTURE_AUTORELEASING = YES;
				CLANG_WARN_BOOL_CONVERSION = YES;
				CLANG_WARN_COMMA = YES;
				CLANG_WARN_CONSTANT_CONVERSION = YES;
				CLANG_WARN_DEPRECATED_OBJC_IMPLEMENTATIONS = YES;
				CLANG_WARN_DIRECT_OBJC_ISA_USAGE = YES_ERROR;
				CLANG_WARN_DOCUMENTATION_COMMENTS = YES;
				CLANG_WARN_EMPTY_BODY = YES;
				CLANG_WARN_ENUM_CONVERSION = YES;
				CLANG_WARN_INFINITE_RECURSION = YES;
				CLANG_WARN_INT_CONVERSION = YES;
				CLANG_WARN_NON_LITERAL_NULL_CONVERSION = YES;
				CLANG_WARN_OBJC_IMPLICIT_RETAIN_SELF = YES;
				CLANG_WARN_OBJC_LITERAL_CONVERSION = YES;
				CLANG_WARN_OBJC_ROOT_CLASS = YES_ERROR;
				CLANG_WARN_QUOTED_INCLUDE_IN_FRAMEWORK_HEADER = YES;
				CLANG_WARN_RANGE_LOOP_ANALYSIS = YES;
				CLANG_WARN_STRICT_PROTOTYPES = YES;
				CLANG_WARN_SUSPICIOUS_MOVE = YES;
				CLANG_WARN_UNGUARDED_AVAILABILITY = YES_AGGRESSIVE;
				CLANG_WARN_UNREACHABLE_CODE = YES;
				CLANG_WARN__DUPLICATE_METHOD_MATCH = YES;
				COPY_PHASE_STRIP = NO;
				DEBUG_INFORMATION_FORMAT = dwarf;
				ENABLE_STRICT_OBJC_MSGSEND = YES;
				ENABLE_TESTABILITY = YES;
				GCC_C_LANGUAGE_STANDARD = gnu11;
				GCC_DYNAMIC_NO_PIC = NO;
				GCC_NO_COMMON_BLOCKS = YES;
				GCC_OPTIMIZATION_LEVEL = 0;
				GCC_PREPROCESSOR_DEFINITIONS = (
					"DEBUG=1",
					"$(inherited)",
				);
				GCC_WARN_64_TO_32_BIT_CONVERSION = YES;
				GCC_WARN_ABOUT_RETURN_TYPE = YES_ERROR;
				GCC_WARN_UNDECLARED_SELECTOR = YES;
				GCC_WARN_UNINITIALIZED_AUTOS = YES_AGGRESSIVE;
				GCC_WARN_UNUSED_FUNCTION = YES;
				GCC_WARN_UNUSED_VARIABLE = YES;
				IPHONEOS_DEPLOYMENT_TARGET = 14.1;
				MTL_ENABLE_DEBUG_INFO = INCLUDE_SOURCE;
				MTL_FAST_MATH = YES;
				ONLY_ACTIVE_ARCH = YES;
				SDKROOT = iphoneos;
				SWIFT_ACTIVE_COMPILATION_CONDITIONS = DEBUG;
				SWIFT_OPTIMIZATION_LEVEL = "-Onone";
			};
			name = Debug;
		};
		1F2A616826BFECF20085133C /* Release */ = {
			isa = XCBuildConfiguration;
			buildSettings = {
				ALWAYS_SEARCH_USER_PATHS = NO;
				CLANG_ANALYZER_NONNULL = YES;
				CLANG_ANALYZER_NUMBER_OBJECT_CONVERSION = YES_AGGRESSIVE;
				CLANG_CXX_LANGUAGE_STANDARD = "gnu++14";
				CLANG_CXX_LIBRARY = "libc++";
				CLANG_ENABLE_MODULES = YES;
				CLANG_ENABLE_OBJC_ARC = YES;
				CLANG_ENABLE_OBJC_WEAK = YES;
				CLANG_WARN_BLOCK_CAPTURE_AUTORELEASING = YES;
				CLANG_WARN_BOOL_CONVERSION = YES;
				CLANG_WARN_COMMA = YES;
				CLANG_WARN_CONSTANT_CONVERSION = YES;
				CLANG_WARN_DEPRECATED_OBJC_IMPLEMENTATIONS = YES;
				CLANG_WARN_DIRECT_OBJC_ISA_USAGE = YES_ERROR;
				CLANG_WARN_DOCUMENTATION_COMMENTS = YES;
				CLANG_WARN_EMPTY_BODY = YES;
				CLANG_WARN_ENUM_CONVERSION = YES;
				CLANG_WARN_INFINITE_RECURSION = YES;
				CLANG_WARN_INT_CONVERSION = YES;
				CLANG_WARN_NON_LITERAL_NULL_CONVERSION = YES;
				CLANG_WARN_OBJC_IMPLICIT_RETAIN_SELF = YES;
				CLANG_WARN_OBJC_LITERAL_CONVERSION = YES;
				CLANG_WARN_OBJC_ROOT_CLASS = YES_ERROR;
				CLANG_WARN_QUOTED_INCLUDE_IN_FRAMEWORK_HEADER = YES;
				CLANG_WARN_RANGE_LOOP_ANALYSIS = YES;
				CLANG_WARN_STRICT_PROTOTYPES = YES;
				CLANG_WARN_SUSPICIOUS_MOVE = YES;
				CLANG_WARN_UNGUARDED_AVAILABILITY = YES_AGGRESSIVE;
				CLANG_WARN_UNREACHABLE_CODE = YES;
				CLANG_WARN__DUPLICATE_METHOD_MATCH = YES;
				COPY_PHASE_STRIP = NO;
				DEBUG_INFORMATION_FORMAT = "dwarf-with-dsym";
				ENABLE_NS_ASSERTIONS = NO;
				ENABLE_STRICT_OBJC_MSGSEND = YES;
				GCC_C_LANGUAGE_STANDARD = gnu11;
				GCC_NO_COMMON_BLOCKS = YES;
				GCC_WARN_64_TO_32_BIT_CONVERSION = YES;
				GCC_WARN_ABOUT_RETURN_TYPE = YES_ERROR;
				GCC_WARN_UNDECLARED_SELECTOR = YES;
				GCC_WARN_UNINITIALIZED_AUTOS = YES_AGGRESSIVE;
				GCC_WARN_UNUSED_FUNCTION = YES;
				GCC_WARN_UNUSED_VARIABLE = YES;
				IPHONEOS_DEPLOYMENT_TARGET = 14.1;
				MTL_ENABLE_DEBUG_INFO = NO;
				MTL_FAST_MATH = YES;
				SDKROOT = iphoneos;
				SWIFT_COMPILATION_MODE = wholemodule;
				SWIFT_OPTIMIZATION_LEVEL = "-O";
				VALIDATE_PRODUCT = YES;
			};
			name = Release;
		};
		1F2A616A26BFECF20085133C /* Debug */ = {
			isa = XCBuildConfiguration;
			buildSettings = {
				ASSETCATALOG_COMPILER_APPICON_NAME = AppIcon;
				ASSETCATALOG_COMPILER_GLOBAL_ACCENT_COLOR_NAME = AccentColor;
				CODE_SIGN_STYLE = Automatic;
				INFOPLIST_FILE = SpotifyVIP/Info.plist;
				LD_RUNPATH_SEARCH_PATHS = (
					"$(inherited)",
					"@executable_path/Frameworks",
				);
				PRODUCT_BUNDLE_IDENTIFIER = com.mkilmer.SpotifyVIP;
				PRODUCT_NAME = "$(TARGET_NAME)";
				SWIFT_VERSION = 5.0;
				TARGETED_DEVICE_FAMILY = "1,2";
			};
			name = Debug;
		};
		1F2A616B26BFECF20085133C /* Release */ = {
			isa = XCBuildConfiguration;
			buildSettings = {
				ASSETCATALOG_COMPILER_APPICON_NAME = AppIcon;
				ASSETCATALOG_COMPILER_GLOBAL_ACCENT_COLOR_NAME = AccentColor;
				CODE_SIGN_STYLE = Automatic;
				INFOPLIST_FILE = SpotifyVIP/Info.plist;
				LD_RUNPATH_SEARCH_PATHS = (
					"$(inherited)",
					"@executable_path/Frameworks",
				);
				PRODUCT_BUNDLE_IDENTIFIER = com.mkilmer.SpotifyVIP;
				PRODUCT_NAME = "$(TARGET_NAME)";
				SWIFT_VERSION = 5.0;
				TARGETED_DEVICE_FAMILY = "1,2";
			};
			name = Release;
		};
		1F2A616D26BFECF20085133C /* Debug */ = {
			isa = XCBuildConfiguration;
			buildSettings = {
				ALWAYS_EMBED_SWIFT_STANDARD_LIBRARIES = YES;
				BUNDLE_LOADER = "$(TEST_HOST)";
				CODE_SIGN_STYLE = Automatic;
				INFOPLIST_FILE = SpotifyVIPTests/Info.plist;
				IPHONEOS_DEPLOYMENT_TARGET = 14.1;
				LD_RUNPATH_SEARCH_PATHS = (
					"$(inherited)",
					"@executable_path/Frameworks",
					"@loader_path/Frameworks",
				);
				PRODUCT_BUNDLE_IDENTIFIER = com.mkilmer.SpotifyVIPTests;
				PRODUCT_NAME = "$(TARGET_NAME)";
				SWIFT_VERSION = 5.0;
				TARGETED_DEVICE_FAMILY = "1,2";
				TEST_HOST = "$(BUILT_PRODUCTS_DIR)/SpotifyVIP.app/SpotifyVIP";
			};
			name = Debug;
		};
		1F2A616E26BFECF20085133C /* Release */ = {
			isa = XCBuildConfiguration;
			buildSettings = {
				ALWAYS_EMBED_SWIFT_STANDARD_LIBRARIES = YES;
				BUNDLE_LOADER = "$(TEST_HOST)";
				CODE_SIGN_STYLE = Automatic;
				INFOPLIST_FILE = SpotifyVIPTests/Info.plist;
				IPHONEOS_DEPLOYMENT_TARGET = 14.1;
				LD_RUNPATH_SEARCH_PATHS = (
					"$(inherited)",
					"@executable_path/Frameworks",
					"@loader_path/Frameworks",
				);
				PRODUCT_BUNDLE_IDENTIFIER = com.mkilmer.SpotifyVIPTests;
				PRODUCT_NAME = "$(TARGET_NAME)";
				SWIFT_VERSION = 5.0;
				TARGETED_DEVICE_FAMILY = "1,2";
				TEST_HOST = "$(BUILT_PRODUCTS_DIR)/SpotifyVIP.app/SpotifyVIP";
			};
			name = Release;
		};
		1F2A617026BFECF20085133C /* Debug */ = {
			isa = XCBuildConfiguration;
			buildSettings = {
				ALWAYS_EMBED_SWIFT_STANDARD_LIBRARIES = YES;
				CODE_SIGN_STYLE = Automatic;
				INFOPLIST_FILE = SpotifyVIPUITests/Info.plist;
				LD_RUNPATH_SEARCH_PATHS = (
					"$(inherited)",
					"@executable_path/Frameworks",
					"@loader_path/Frameworks",
				);
				PRODUCT_BUNDLE_IDENTIFIER = com.mkilmer.SpotifyVIPUITests;
				PRODUCT_NAME = "$(TARGET_NAME)";
				SWIFT_VERSION = 5.0;
				TARGETED_DEVICE_FAMILY = "1,2";
				TEST_TARGET_NAME = SpotifyVIP;
			};
			name = Debug;
		};
		1F2A617126BFECF20085133C /* Release */ = {
			isa = XCBuildConfiguration;
			buildSettings = {
				ALWAYS_EMBED_SWIFT_STANDARD_LIBRARIES = YES;
				CODE_SIGN_STYLE = Automatic;
				INFOPLIST_FILE = SpotifyVIPUITests/Info.plist;
				LD_RUNPATH_SEARCH_PATHS = (
					"$(inherited)",
					"@executable_path/Frameworks",
					"@loader_path/Frameworks",
				);
				PRODUCT_BUNDLE_IDENTIFIER = com.mkilmer.SpotifyVIPUITests;
				PRODUCT_NAME = "$(TARGET_NAME)";
				SWIFT_VERSION = 5.0;
				TARGETED_DEVICE_FAMILY = "1,2";
				TEST_TARGET_NAME = SpotifyVIP;
			};
			name = Release;
		};
/* End XCBuildConfiguration section */

/* Begin XCConfigurationList section */
		1F2A613A26BFECF10085133C /* Build configuration list for PBXProject "SpotifyVIP" */ = {
			isa = XCConfigurationList;
			buildConfigurations = (
				1F2A616726BFECF20085133C /* Debug */,
				1F2A616826BFECF20085133C /* Release */,
			);
			defaultConfigurationIsVisible = 0;
			defaultConfigurationName = Release;
		};
		1F2A616926BFECF20085133C /* Build configuration list for PBXNativeTarget "SpotifyVIP" */ = {
			isa = XCConfigurationList;
			buildConfigurations = (
				1F2A616A26BFECF20085133C /* Debug */,
				1F2A616B26BFECF20085133C /* Release */,
			);
			defaultConfigurationIsVisible = 0;
			defaultConfigurationName = Release;
		};
		1F2A616C26BFECF20085133C /* Build configuration list for PBXNativeTarget "SpotifyVIPTests" */ = {
			isa = XCConfigurationList;
			buildConfigurations = (
				1F2A616D26BFECF20085133C /* Debug */,
				1F2A616E26BFECF20085133C /* Release */,
			);
			defaultConfigurationIsVisible = 0;
			defaultConfigurationName = Release;
		};
		1F2A616F26BFECF20085133C /* Build configuration list for PBXNativeTarget "SpotifyVIPUITests" */ = {
			isa = XCConfigurationList;
			buildConfigurations = (
				1F2A617026BFECF20085133C /* Debug */,
				1F2A617126BFECF20085133C /* Release */,
			);
			defaultConfigurationIsVisible = 0;
			defaultConfigurationName = Release;
		};
/* End XCConfigurationList section */
	};
	rootObject = 1F2A613726BFECF10085133C /* Project object */;
}
